
Microsoft Visual Studio Solution File, Format Version 12.00
# Visual Studio Version 16
VisualStudioVersion = 16.0.32413.511
MinimumVisualStudioVersion = 10.0.40219.1
Project("{9A19103F-16F7-4668-BE54-9A1E7A4F7556}") = "HelloWorld", "HelloWorld\HelloWorld.csproj", "{BD3788F5-DB4C-4928-87AA-D6A77DF67385}"
EndProject
Project("{9A19103F-16F7-4668-BE54-9A1E7A4F7556}") = "SinemaAdviser", "SinemaAdviser\SinemaAdviser.csproj", "{7298353E-E4BC-4EF4-94B3-A2290963781D}"
EndProject
Project("{9A19103F-16F7-4668-BE54-9A1E7A4F7556}") = "SimpleCalculator", "SimpleCalculator\SimpleCalculator.csproj", "{A8F84866-BBC4-4DF7-8602-08C4BBAF878E}"
EndProject
Project("{9A19103F-16F7-4668-BE54-9A1E7A4F7556}") = "TurtleTraning1", "TurtleTraning1\TurtleTraning1.csproj", "{54008ADF-B455-4A62-B497-9379B45CADC7}"
EndProject
Global
	GlobalSection(SolutionConfigurationPlatforms) = preSolution
		Debug|Any CPU = Debug|Any CPU
		Release|Any CPU = Release|Any CPU
	EndGlobalSection
	GlobalSection(ProjectConfigurationPlatforms) = postSolution
		{BD3788F5-DB4C-4928-87AA-D6A77DF67385}.Debug|Any CPU.ActiveCfg = Debug|Any CPU
		{BD3788F5-DB4C-4928-87AA-D6A77DF67385}.Debug|Any CPU.Build.0 = Debug|Any CPU
		{BD3788F5-DB4C-4928-87AA-D6A77DF67385}.Release|Any CPU.ActiveCfg = Release|Any CPU
		{BD3788F5-DB4C-4928-87AA-D6A77DF67385}.Release|Any CPU.Build.0 = Release|Any CPU
		{7298353E-E4BC-4EF4-94B3-A2290963781D}.Debug|Any CPU.ActiveCfg = Debug|Any CPU
		{7298353E-E4BC-4EF4-94B3-A2290963781D}.Debug|Any CPU.Build.0 = Debug|Any CPU
		{7298353E-E4BC-4EF4-94B3-A2290963781D}.Release|Any CPU.ActiveCfg = Release|Any CPU
		{7298353E-E4BC-4EF4-94B3-A2290963781D}.Release|Any CPU.Build.0 = Release|Any CPU
		{A8F84866-BBC4-4DF7-8602-08C4BBAF878E}.Debug|Any CPU.ActiveCfg = Debug|Any CPU
		{A8F84866-BBC4-4DF7-8602-08C4BBAF878E}.Debug|Any CPU.Build.0 = Debug|Any CPU
		{A8F84866-BBC4-4DF7-8602-08C4BBAF878E}.Release|Any CPU.ActiveCfg = Release|Any CPU
		{A8F84866-BBC4-4DF7-8602-08C4BBAF878E}.Release|Any CPU.Build.0 = Release|Any CPU
		{54008ADF-B455-4A62-B497-9379B45CADC7}.Debug|Any CPU.ActiveCfg = Debug|Any CPU
		{54008ADF-B455-4A62-B497-9379B45CADC7}.Debug|Any CPU.Build.0 = Debug|Any CPU
		{54008ADF-B455-4A62-B497-9379B45CADC7}.Release|Any CPU.ActiveCfg = Release|Any CPU
		{54008ADF-B455-4A62-B497-9379B45CADC7}.Release|Any CPU.Build.0 = Release|Any CPU
	EndGlobalSection
	GlobalSection(SolutionProperties) = preSolution
		HideSolutionNode = FALSE
	EndGlobalSection
	GlobalSection(ExtensibilityGlobals) = postSolution
		SolutionGuid = {A2B61797-9F01-4C06-AEFC-2362E36F7991}
	EndGlobalSection
EndGlobal
